{
  "name": "vite-react-typescript-starter",
  "version": "0.0.0",
  "lockfileVersion": 3,
  "requires": true,
  "packages": {
    "": {
      "name": "vite-react-typescript-starter",
      "version": "0.0.0",
      "dependencies": {
        "@dnd-kit/core": "*",
        "@dnd-kit/sortable": "*",
        "@dnd-kit/utilities": "*",
        "@zxing/browser": "^0.1.5",
        "axios": "^1.11.0",
        "chart.js": "^4.4.2",
        "exceljs": "^4.4.0",
        "file-saver": "^2.0.5",
        "i18next": "*",
        "jspdf": "^3.0.2",
        "jspdf-autotable": "^5.0.2",
        "lucide-react": "*",
        "mammoth": "^1.10.0",
        "pdfjs-dist": "^5.4.149",
        "react": "^18.2.0",
        "react-chartjs-2": "^5.2.0",
        "react-dom": "^18.2.0",
        "react-error-boundary": "*",
        "react-i18next": "*",
        "react-router-dom": "^6.22.3",
        "socket.io-client": "^4.8.1",
        "workbox-precaching": "^7.0.0",
        "workbox-routing": "^7.0.0",
        "workbox-strategies": "^7.0.0",
        "zustand": "*"
      }
    }
  },
  "dependencies": {
    "@dnd-kit/core": {
      "version": "*"
    },
    "@dnd-kit/sortable": {
      "version": "*"
    },
    "@dnd-kit/utilities": {
      "version": "*"
    },
    "@zxing/browser": {
      "version": "^0.1.5"
    },
    "axios": {
      "version": "^1.11.0"
    },
    "chart.js": {
      "version": "^4.4.2"
    },
    "exceljs": {
      "version": "^4.4.0"
    },
    "file-saver": {
      "version": "^2.0.5"
    },
    "i18next": {
      "version": "*"
    },
    "jspdf": {
      "version": "^3.0.2"
    },
    "jspdf-autotable": {
      "version": "^5.0.2"
    },
    "lucide-react": {
      "version": "*"
    },
    "mammoth": {
      "version": "^1.10.0"
    },
    "pdfjs-dist": {
      "version": "^5.4.149"
    },
    "react": {
      "version": "^18.2.0"
    },
    "react-chartjs-2": {
      "version": "^5.2.0"
    },
    "react-dom": {
      "version": "^18.2.0"
    },
    "react-error-boundary": {
      "version": "*"
    },
    "react-i18next": {
      "version": "*"
    },
    "react-router-dom": {
      "version": "^6.22.3"
    },
    "socket.io-client": {
      "version": "^4.8.1"
    },
    "workbox-precaching": {
      "version": "^7.0.0"
    },
    "workbox-routing": {
      "version": "^7.0.0"
    },
    "workbox-strategies": {
      "version": "^7.0.0"
    },
    "zustand": {
      "version": "*"
    }
  }
}